
Microsoft Visual Studio Solution File, Format Version 12.00
# Visual Studio 15
VisualStudioVersion = 15.0.26206.0
MinimumVisualStudioVersion = 15.0.26124.0
Project("{9A19103F-16F7-4668-BE54-9A1E7A4F7556}") = "Kata", "kata\Kata.csproj", "{E884CB38-EE05-4536-91E9-5F6D51F3BA11}"
EndProject
Project("{9A19103F-16F7-4668-BE54-9A1E7A4F7556}") = "Kata.Tests", "kata.tests\Kata.Tests.csproj", "{00330415-1743-4091-A3EE-122067B54F09}"
EndProject
Project("{2150E333-8FDC-42A3-9474-1A3956D46DE8}") = "Solution Items", "Solution Items", "{8F10C235-A6D0-487B-A376-2CB341152DB9}"
	ProjectSection(SolutionItems) = preProject
		readme.md = readme.md
	EndProjectSection
EndProject
Global
	GlobalSection(SolutionConfigurationPlatforms) = preSolution
		Debug|Any CPU = Debug|Any CPU
		Debug|x64 = Debug|x64
		Debug|x86 = Debug|x86
		Release|Any CPU = Release|Any CPU
		Release|x64 = Release|x64
		Release|x86 = Release|x86
	EndGlobalSection
	GlobalSection(ProjectConfigurationPlatforms) = postSolution
		{E884CB38-EE05-4536-91E9-5F6D51F3BA11}.Debug|Any CPU.ActiveCfg = Debug|Any CPU
		{E884CB38-EE05-4536-91E9-5F6D51F3BA11}.Debug|Any CPU.Build.0 = Debug|Any CPU
		{E884CB38-EE05-4536-91E9-5F6D51F3BA11}.Debug|x64.ActiveCfg = Debug|x64
		{E884CB38-EE05-4536-91E9-5F6D51F3BA11}.Debug|x64.Build.0 = Debug|x64
		{E884CB38-EE05-4536-91E9-5F6D51F3BA11}.Debug|x86.ActiveCfg = Debug|x86
		{E884CB38-EE05-4536-91E9-5F6D51F3BA11}.Debug|x86.Build.0 = Debug|x86
		{E884CB38-EE05-4536-91E9-5F6D51F3BA11}.Release|Any CPU.ActiveCfg = Release|Any CPU
		{E884CB38-EE05-4536-91E9-5F6D51F3BA11}.Release|Any CPU.Build.0 = Release|Any CPU
		{E884CB38-EE05-4536-91E9-5F6D51F3BA11}.Release|x64.ActiveCfg = Release|x64
		{E884CB38-EE05-4536-91E9-5F6D51F3BA11}.Release|x64.Build.0 = Release|x64
		{E884CB38-EE05-4536-91E9-5F6D51F3BA11}.Release|x86.ActiveCfg = Release|x86
		{E884CB38-EE05-4536-91E9-5F6D51F3BA11}.Release|x86.Build.0 = Release|x86
		{00330415-1743-4091-A3EE-122067B54F09}.Debug|Any CPU.ActiveCfg = Debug|Any CPU
		{00330415-1743-4091-A3EE-122067B54F09}.Debug|Any CPU.Build.0 = Debug|Any CPU
		{00330415-1743-4091-A3EE-122067B54F09}.Debug|x64.ActiveCfg = Debug|x64
		{00330415-1743-4091-A3EE-122067B54F09}.Debug|x64.Build.0 = Debug|x64
		{00330415-1743-4091-A3EE-122067B54F09}.Debug|x86.ActiveCfg = Debug|x86
		{00330415-1743-4091-A3EE-122067B54F09}.Debug|x86.Build.0 = Debug|x86
		{00330415-1743-4091-A3EE-122067B54F09}.Release|Any CPU.ActiveCfg = Release|Any CPU
		{00330415-1743-4091-A3EE-122067B54F09}.Release|Any CPU.Build.0 = Release|Any CPU
		{00330415-1743-4091-A3EE-122067B54F09}.Release|x64.ActiveCfg = Release|x64
		{00330415-1743-4091-A3EE-122067B54F09}.Release|x64.Build.0 = Release|x64
		{00330415-1743-4091-A3EE-122067B54F09}.Release|x86.ActiveCfg = Release|x86
		{00330415-1743-4091-A3EE-122067B54F09}.Release|x86.Build.0 = Release|x86
	EndGlobalSection
	GlobalSection(SolutionProperties) = preSolution
		HideSolutionNode = FALSE
	EndGlobalSection
EndGlobal
