
Microsoft Visual Studio Solution File, Format Version 12.00
# Visual Studio 15
VisualStudioVersion = 15.0.26124.0
MinimumVisualStudioVersion = 15.0.26124.0
Project("{F2A71F9B-5D33-465A-A702-920D77279786}") = "KatasSrc", "KatasSrc\KatasSrc.fsproj", "{71850D02-A84B-4163-A99D-3A8B92F01837}"
EndProject
Project("{F2A71F9B-5D33-465A-A702-920D77279786}") = "KatasTests", "KatasTests\KatasTests.fsproj", "{94FBB26D-C513-4590-9474-A0E70D132EDD}"
EndProject
Global
	GlobalSection(SolutionConfigurationPlatforms) = preSolution
		Debug|Any CPU = Debug|Any CPU
		Debug|x64 = Debug|x64
		Debug|x86 = Debug|x86
		Release|Any CPU = Release|Any CPU
		Release|x64 = Release|x64
		Release|x86 = Release|x86
	EndGlobalSection
	GlobalSection(SolutionProperties) = preSolution
		HideSolutionNode = FALSE
	EndGlobalSection
	GlobalSection(ProjectConfigurationPlatforms) = postSolution
		{71850D02-A84B-4163-A99D-3A8B92F01837}.Debug|Any CPU.ActiveCfg = Debug|Any CPU
		{71850D02-A84B-4163-A99D-3A8B92F01837}.Debug|Any CPU.Build.0 = Debug|Any CPU
		{71850D02-A84B-4163-A99D-3A8B92F01837}.Debug|x64.ActiveCfg = Debug|x64
		{71850D02-A84B-4163-A99D-3A8B92F01837}.Debug|x64.Build.0 = Debug|x64
		{71850D02-A84B-4163-A99D-3A8B92F01837}.Debug|x86.ActiveCfg = Debug|x86
		{71850D02-A84B-4163-A99D-3A8B92F01837}.Debug|x86.Build.0 = Debug|x86
		{71850D02-A84B-4163-A99D-3A8B92F01837}.Release|Any CPU.ActiveCfg = Release|Any CPU
		{71850D02-A84B-4163-A99D-3A8B92F01837}.Release|Any CPU.Build.0 = Release|Any CPU
		{71850D02-A84B-4163-A99D-3A8B92F01837}.Release|x64.ActiveCfg = Release|x64
		{71850D02-A84B-4163-A99D-3A8B92F01837}.Release|x64.Build.0 = Release|x64
		{71850D02-A84B-4163-A99D-3A8B92F01837}.Release|x86.ActiveCfg = Release|x86
		{71850D02-A84B-4163-A99D-3A8B92F01837}.Release|x86.Build.0 = Release|x86
		{94FBB26D-C513-4590-9474-A0E70D132EDD}.Debug|Any CPU.ActiveCfg = Debug|Any CPU
		{94FBB26D-C513-4590-9474-A0E70D132EDD}.Debug|Any CPU.Build.0 = Debug|Any CPU
		{94FBB26D-C513-4590-9474-A0E70D132EDD}.Debug|x64.ActiveCfg = Debug|x64
		{94FBB26D-C513-4590-9474-A0E70D132EDD}.Debug|x64.Build.0 = Debug|x64
		{94FBB26D-C513-4590-9474-A0E70D132EDD}.Debug|x86.ActiveCfg = Debug|x86
		{94FBB26D-C513-4590-9474-A0E70D132EDD}.Debug|x86.Build.0 = Debug|x86
		{94FBB26D-C513-4590-9474-A0E70D132EDD}.Release|Any CPU.ActiveCfg = Release|Any CPU
		{94FBB26D-C513-4590-9474-A0E70D132EDD}.Release|Any CPU.Build.0 = Release|Any CPU
		{94FBB26D-C513-4590-9474-A0E70D132EDD}.Release|x64.ActiveCfg = Release|x64
		{94FBB26D-C513-4590-9474-A0E70D132EDD}.Release|x64.Build.0 = Release|x64
		{94FBB26D-C513-4590-9474-A0E70D132EDD}.Release|x86.ActiveCfg = Release|x86
		{94FBB26D-C513-4590-9474-A0E70D132EDD}.Release|x86.Build.0 = Release|x86
	EndGlobalSection
EndGlobal
